<?xml version="1.0" encoding="UTF-8"?>
<CodeBlocks_project_file>
	<FileVersion major="1" minor="6"/>
	<Project>
		<Option title="trabalho-aquecimento"/>
		<Option makefile_is_custom="1"/>
		<Option compiler="gcc"/>
		<Option virtualFolders="CMake Files\;"/>
		<Build>
			<Target title="all">
				<Option working_dir="/home/vini/Documents/projects/trabalho-aquecimento"/>
				<Option type="4"/>
				<MakeCommands>
					<Build command="/usr/bin/gmake -f &quot;/home/vini/Documents/projects/trabalho-aquecimento/Makefile&quot;  VERBOSE=1 all"/>
					<CompileFile command="/usr/bin/gmake -f &quot;/home/vini/Documents/projects/trabalho-aquecimento/Makefile&quot;  VERBOSE=1 &quot;$file&quot;"/>
					<Clean command="/usr/bin/gmake -f &quot;/home/vini/Documents/projects/trabalho-aquecimento/Makefile&quot;  VERBOSE=1 clean"/>
					<DistClean command="/usr/bin/gmake -f &quot;/home/vini/Documents/projects/trabalho-aquecimento/Makefile&quot;  VERBOSE=1 clean"/>
				</MakeCommands>
			</Target>
			<Target title="app">
				<Option output="/home/vini/Documents/projects/trabalho-aquecimento/app" prefix_auto="0" extension_auto="0"/>
				<Option working_dir="/home/vini/Documents/projects/trabalho-aquecimento"/>
				<Option object_output="./"/>
				<Option type="1"/>
				<Option compiler="gcc"/>
				<Compiler/>
				<MakeCommands>
					<Build command="/usr/bin/gmake -f &quot;/home/vini/Documents/projects/trabalho-aquecimento/Makefile&quot;  VERBOSE=1 app"/>
					<CompileFile command="/usr/bin/gmake -f &quot;/home/vini/Documents/projects/trabalho-aquecimento/Makefile&quot;  VERBOSE=1 &quot;$file&quot;"/>
					<Clean command="/usr/bin/gmake -f &quot;/home/vini/Documents/projects/trabalho-aquecimento/Makefile&quot;  VERBOSE=1 clean"/>
					<DistClean command="/usr/bin/gmake -f &quot;/home/vini/Documents/projects/trabalho-aquecimento/Makefile&quot;  VERBOSE=1 clean"/>
				</MakeCommands>
			</Target>
			<Target title="app/fast">
				<Option output="/home/vini/Documents/projects/trabalho-aquecimento/app" prefix_auto="0" extension_auto="0"/>
				<Option working_dir="/home/vini/Documents/projects/trabalho-aquecimento"/>
				<Option object_output="./"/>
				<Option type="1"/>
				<Option compiler="gcc"/>
				<Compiler/>
				<MakeCommands>
					<Build command="/usr/bin/gmake -f &quot;/home/vini/Documents/projects/trabalho-aquecimento/Makefile&quot;  VERBOSE=1 app/fast"/>
					<CompileFile command="/usr/bin/gmake -f &quot;/home/vini/Documents/projects/trabalho-aquecimento/Makefile&quot;  VERBOSE=1 &quot;$file&quot;"/>
					<Clean command="/usr/bin/gmake -f &quot;/home/vini/Documents/projects/trabalho-aquecimento/Makefile&quot;  VERBOSE=1 clean"/>
					<DistClean command="/usr/bin/gmake -f &quot;/home/vini/Documents/projects/trabalho-aquecimento/Makefile&quot;  VERBOSE=1 clean"/>
				</MakeCommands>
			</Target>
			<Target title="edit_cache">
				<Option working_dir="/home/vini/Documents/projects/trabalho-aquecimento"/>
				<Option type="4"/>
				<MakeCommands>
					<Build command="/usr/bin/gmake -f &quot;/home/vini/Documents/projects/trabalho-aquecimento/Makefile&quot;  VERBOSE=1 edit_cache"/>
					<CompileFile command="/usr/bin/gmake -f &quot;/home/vini/Documents/projects/trabalho-aquecimento/Makefile&quot;  VERBOSE=1 &quot;$file&quot;"/>
					<Clean command="/usr/bin/gmake -f &quot;/home/vini/Documents/projects/trabalho-aquecimento/Makefile&quot;  VERBOSE=1 clean"/>
					<DistClean command="/usr/bin/gmake -f &quot;/home/vini/Documents/projects/trabalho-aquecimento/Makefile&quot;  VERBOSE=1 clean"/>
				</MakeCommands>
			</Target>
			<Target title="rebuild_cache">
				<Option working_dir="/home/vini/Documents/projects/trabalho-aquecimento"/>
				<Option type="4"/>
				<MakeCommands>
					<Build command="/usr/bin/gmake -f &quot;/home/vini/Documents/projects/trabalho-aquecimento/Makefile&quot;  VERBOSE=1 rebuild_cache"/>
					<CompileFile command="/usr/bin/gmake -f &quot;/home/vini/Documents/projects/trabalho-aquecimento/Makefile&quot;  VERBOSE=1 &quot;$file&quot;"/>
					<Clean command="/usr/bin/gmake -f &quot;/home/vini/Documents/projects/trabalho-aquecimento/Makefile&quot;  VERBOSE=1 clean"/>
					<DistClean command="/usr/bin/gmake -f &quot;/home/vini/Documents/projects/trabalho-aquecimento/Makefile&quot;  VERBOSE=1 clean"/>
				</MakeCommands>
			</Target>
		</Build>
		<Unit filename="/home/vini/Documents/projects/trabalho-aquecimento/src/Hash.cpp">
			<Option target="app"/>
		</Unit>
		<Unit filename="/home/vini/Documents/projects/trabalho-aquecimento/src/Hash.hpp">
			<Option target="app"/>
		</Unit>
		<Unit filename="/home/vini/Documents/projects/trabalho-aquecimento/src/Heap.cpp">
			<Option target="app"/>
		</Unit>
		<Unit filename="/home/vini/Documents/projects/trabalho-aquecimento/src/Heap.hpp">
			<Option target="app"/>
		</Unit>
		<Unit filename="/home/vini/Documents/projects/trabalho-aquecimento/src/main.cpp">
			<Option target="app"/>
		</Unit>
		<Unit filename="/home/vini/Documents/projects/trabalho-aquecimento/CMakeLists.txt">
			<Option virtualFolder="CMake Files\"/>
		</Unit>
	</Project>
</CodeBlocks_project_file>
